
Microsoft Visual Studio Solution File, Format Version 12.00
# Visual Studio Version 17
VisualStudioVersion = 17.13.35806.99 d17.13
MinimumVisualStudioVersion = 10.0.40219.1
Project("{FAE04EC0-301F-11D3-BF4B-00C04F79EFBC}") = "NeuralNetTrainingGradientDescent", "NeuralNetTrainingGradientDescent\NeuralNetTrainingGradientDescent.csproj", "{D98998EA-AAB7-44BF-B60A-5FCCDA7812CF}"
EndProject
Global
	GlobalSection(SolutionConfigurationPlatforms) = preSolution
		Debug|Any CPU = Debug|Any CPU
		Release|Any CPU = Release|Any CPU
	EndGlobalSection
	GlobalSection(ProjectConfigurationPlatforms) = postSolution
		{D98998EA-AAB7-44BF-B60A-5FCCDA7812CF}.Debug|Any CPU.ActiveCfg = Debug|Any CPU
		{D98998EA-AAB7-44BF-B60A-5FCCDA7812CF}.Debug|Any CPU.Build.0 = Debug|Any CPU
		{D98998EA-AAB7-44BF-B60A-5FCCDA7812CF}.Release|Any CPU.ActiveCfg = Release|Any CPU
		{D98998EA-AAB7-44BF-B60A-5FCCDA7812CF}.Release|Any CPU.Build.0 = Release|Any CPU
	EndGlobalSection
	GlobalSection(SolutionProperties) = preSolution
		HideSolutionNode = FALSE
	EndGlobalSection
	GlobalSection(ExtensibilityGlobals) = postSolution
		SolutionGuid = {2035C5B6-B41B-44FC-BDD4-506FD6ED50BE}
	EndGlobalSection
EndGlobal
